version = 1
revision = 3
requires-python = ">=3.9"

[[package]]
name = "callfoo"
version = "0.1.0"
source = { virtual = "." }
dependencies = [
    { name = "pyunderstand" },
]

[package.metadata]
requires-dist = [{ name = "pyunderstand", git = "https://github.com/kaihendry/pyunderstand.git" }]

[[package]]
name = "pyunderstand"
version = "0.1.15"
source = { git = "https://github.com/kaihendry/pyunderstand.git#a8f1713b0dda08d2157ee8589aec606ba5d2dd67" }
